
Microsoft Visual Studio Solution File, Format Version 12.00
# Visual Studio 14
VisualStudioVersion = 14.0.25420.1
MinimumVisualStudioVersion = 10.0.40219.1
Project("{FAE04EC0-301F-11D3-BF4B-00C04F79EFBC}") = "HearthBeat", "HearthBeat.csproj", "{1966E2B5-0AF1-4AD8-9136-2F7B0F2666CC}"
EndProject
Global
	GlobalSection(SolutionConfigurationPlatforms) = preSolution
		Debug|Any CPU = Debug|Any CPU
		Release|Any CPU = Release|Any CPU
	EndGlobalSection
	GlobalSection(ProjectConfigurationPlatforms) = postSolution
		{1966E2B5-0AF1-4AD8-9136-2F7B0F2666CC}.Debug|Any CPU.ActiveCfg = Debug|Any CPU
		{1966E2B5-0AF1-4AD8-9136-2F7B0F2666CC}.Debug|Any CPU.Build.0 = Debug|Any CPU
		{1966E2B5-0AF1-4AD8-9136-2F7B0F2666CC}.Release|Any CPU.ActiveCfg = Release|Any CPU
		{1966E2B5-0AF1-4AD8-9136-2F7B0F2666CC}.Release|Any CPU.Build.0 = Release|Any CPU
	EndGlobalSection
	GlobalSection(SolutionProperties) = preSolution
		HideSolutionNode = FALSE
	EndGlobalSection
EndGlobal
